// !$*UTF8*$!
{
	archiveVersion = 1;
	classes = {
	};
	objectVersion = 56;
	objects = {

/* Begin PBXBuildFile section */
		61034CDA2C00FB580035C7EF /* RollinRainbow.swift in Sources */ = {isa = PBXBuildFile; fileRef = 61034CD92C00FB580035C7EF /* RollinRainbow.swift */; };
		61034CDC2C01039A0035C7EF /* DragNDropDots.swift in Sources */ = {isa = PBXBuildFile; fileRef = 61034CDB2C01039A0035C7EF /* DragNDropDots.swift */; };
		61034CDE2C017D300035C7EF /* DancingDots.swift in Sources */ = {isa = PBXBuildFile; fileRef = 61034CDD2C017D300035C7EF /* DancingDots.swift */; };
		61034CE02C0197C00035C7EF /* MatchedGeometryEffect.swift in Sources */ = {isa = PBXBuildFile; fileRef = 61034CDF2C0197C00035C7EF /* MatchedGeometryEffect.swift */; };
		61034CE22C0198E70035C7EF /* Topic.swift in Sources */ = {isa = PBXBuildFile; fileRef = 61034CE12C0198E70035C7EF /* Topic.swift */; };
		61034CE42C0199970035C7EF /* TopicOrganizer.swift in Sources */ = {isa = PBXBuildFile; fileRef = 61034CE32C0199970035C7EF /* TopicOrganizer.swift */; };
		61034CE62C019DD70035C7EF /* TopicRow.swift in Sources */ = {isa = PBXBuildFile; fileRef = 61034CE52C019DD70035C7EF /* TopicRow.swift */; };
		616A7B112BFFEADF00A331A2 /* AnimatingShapesApp.swift in Sources */ = {isa = PBXBuildFile; fileRef = 616A7B102BFFEADF00A331A2 /* AnimatingShapesApp.swift */; };
		616A7B132BFFEADF00A331A2 /* TopicList.swift in Sources */ = {isa = PBXBuildFile; fileRef = 616A7B122BFFEADF00A331A2 /* TopicList.swift */; };
		616A7B152BFFEAE100A331A2 /* Assets.xcassets in Resources */ = {isa = PBXBuildFile; fileRef = 616A7B142BFFEAE100A331A2 /* Assets.xcassets */; };
		616A7B182BFFEAE100A331A2 /* Preview Assets.xcassets in Resources */ = {isa = PBXBuildFile; fileRef = 616A7B172BFFEAE100A331A2 /* Preview Assets.xcassets */; };
		616A7B1F2BFFEC6700A331A2 /* HeartPulse.swift in Sources */ = {isa = PBXBuildFile; fileRef = 616A7B1E2BFFEC6700A331A2 /* HeartPulse.swift */; };
		616A7B212BFFF3BC00A331A2 /* ShapeButtonStyle.swift in Sources */ = {isa = PBXBuildFile; fileRef = 616A7B202BFFF3BC00A331A2 /* ShapeButtonStyle.swift */; };
		616A7B232BFFF6E200A331A2 /* SpinningView.swift in Sources */ = {isa = PBXBuildFile; fileRef = 616A7B222BFFF6E200A331A2 /* SpinningView.swift */; };
		616A7B252BFFFD1C00A331A2 /* ExplodingView.swift in Sources */ = {isa = PBXBuildFile; fileRef = 616A7B242BFFFD1C00A331A2 /* ExplodingView.swift */; };
/* End PBXBuildFile section */

/* Begin PBXFileReference section */
		61034CD92C00FB580035C7EF /* RollinRainbow.swift */ = {isa = PBXFileReference; lastKnownFileType = sourcecode.swift; path = RollinRainbow.swift; sourceTree = "<group>"; };
		61034CDB2C01039A0035C7EF /* DragNDropDots.swift */ = {isa = PBXFileReference; lastKnownFileType = sourcecode.swift; path = DragNDropDots.swift; sourceTree = "<group>"; };
		61034CDD2C017D300035C7EF /* DancingDots.swift */ = {isa = PBXFileReference; lastKnownFileType = sourcecode.swift; path = DancingDots.swift; sourceTree = "<group>"; };
		61034CDF2C0197C00035C7EF /* MatchedGeometryEffect.swift */ = {isa = PBXFileReference; lastKnownFileType = sourcecode.swift; path = MatchedGeometryEffect.swift; sourceTree = "<group>"; };
		61034CE12C0198E70035C7EF /* Topic.swift */ = {isa = PBXFileReference; lastKnownFileType = sourcecode.swift; path = Topic.swift; sourceTree = "<group>"; };
		61034CE32C0199970035C7EF /* TopicOrganizer.swift */ = {isa = PBXFileReference; lastKnownFileType = sourcecode.swift; path = TopicOrganizer.swift; sourceTree = "<group>"; };
		61034CE52C019DD70035C7EF /* TopicRow.swift */ = {isa = PBXFileReference; lastKnownFileType = sourcecode.swift; path = TopicRow.swift; sourceTree = "<group>"; };
		616A7B0D2BFFEADF00A331A2 /* AnimatingShapes.app */ = {isa = PBXFileReference; explicitFileType = wrapper.application; includeInIndex = 0; path = AnimatingShapes.app; sourceTree = BUILT_PRODUCTS_DIR; };
		616A7B102BFFEADF00A331A2 /* AnimatingShapesApp.swift */ = {isa = PBXFileReference; lastKnownFileType = sourcecode.swift; path = AnimatingShapesApp.swift; sourceTree = "<group>"; };
		616A7B122BFFEADF00A331A2 /* TopicList.swift */ = {isa = PBXFileReference; lastKnownFileType = sourcecode.swift; path = TopicList.swift; sourceTree = "<group>"; };
		616A7B142BFFEAE100A331A2 /* Assets.xcassets */ = {isa = PBXFileReference; lastKnownFileType = folder.assetcatalog; path = Assets.xcassets; sourceTree = "<group>"; };
		616A7B172BFFEAE100A331A2 /* Preview Assets.xcassets */ = {isa = PBXFileReference; lastKnownFileType = folder.assetcatalog; path = "Preview Assets.xcassets"; sourceTree = "<group>"; };
		616A7B1E2BFFEC6700A331A2 /* HeartPulse.swift */ = {isa = PBXFileReference; lastKnownFileType = sourcecode.swift; path = HeartPulse.swift; sourceTree = "<group>"; };
		616A7B202BFFF3BC00A331A2 /* ShapeButtonStyle.swift */ = {isa = PBXFileReference; lastKnownFileType = sourcecode.swift; path = ShapeButtonStyle.swift; sourceTree = "<group>"; };
		616A7B222BFFF6E200A331A2 /* SpinningView.swift */ = {isa = PBXFileReference; lastKnownFileType = sourcecode.swift; path = SpinningView.swift; sourceTree = "<group>"; };
		616A7B242BFFFD1C00A331A2 /* ExplodingView.swift */ = {isa = PBXFileReference; lastKnownFileType = sourcecode.swift; path = ExplodingView.swift; sourceTree = "<group>"; };
/* End PBXFileReference section */

/* Begin PBXFrameworksBuildPhase section */
		616A7B0A2BFFEADF00A331A2 /* Frameworks */ = {
			isa = PBXFrameworksBuildPhase;
			buildActionMask = 2147483647;
			files = (
			);
			runOnlyForDeploymentPostprocessing = 0;
		};
/* End PBXFrameworksBuildPhase section */

/* Begin PBXGroup section */
		616A7B042BFFEADF00A331A2 = {
			isa = PBXGroup;
			children = (
				616A7B0F2BFFEADF00A331A2 /* AnimatingShapes */,
				616A7B0E2BFFEADF00A331A2 /* Products */,
			);
			sourceTree = "<group>";
		};
		616A7B0E2BFFEADF00A331A2 /* Products */ = {
			isa = PBXGroup;
			children = (
				616A7B0D2BFFEADF00A331A2 /* AnimatingShapes.app */,
			);
			name = Products;
			sourceTree = "<group>";
		};
		616A7B0F2BFFEADF00A331A2 /* AnimatingShapes */ = {
			isa = PBXGroup;
			children = (
				616A7B102BFFEADF00A331A2 /* AnimatingShapesApp.swift */,
				616A7B142BFFEAE100A331A2 /* Assets.xcassets */,
				616A7B1E2BFFEC6700A331A2 /* HeartPulse.swift */,
				616A7B202BFFF3BC00A331A2 /* ShapeButtonStyle.swift */,
				616A7B222BFFF6E200A331A2 /* SpinningView.swift */,
				616A7B242BFFFD1C00A331A2 /* ExplodingView.swift */,
				61034CD92C00FB580035C7EF /* RollinRainbow.swift */,
				61034CDB2C01039A0035C7EF /* DragNDropDots.swift */,
				61034CDD2C017D300035C7EF /* DancingDots.swift */,
				61034CDF2C0197C00035C7EF /* MatchedGeometryEffect.swift */,
				61034CE12C0198E70035C7EF /* Topic.swift */,
				616A7B122BFFEADF00A331A2 /* TopicList.swift */,
				61034CE32C0199970035C7EF /* TopicOrganizer.swift */,
				61034CE52C019DD70035C7EF /* TopicRow.swift */,
				616A7B162BFFEAE100A331A2 /* Preview Content */,
			);
			path = AnimatingShapes;
			sourceTree = "<group>";
		};
		616A7B162BFFEAE100A331A2 /* Preview Content */ = {
			isa = PBXGroup;
			children = (
				616A7B172BFFEAE100A331A2 /* Preview Assets.xcassets */,
			);
			path = "Preview Content";
			sourceTree = "<group>";
		};
/* End PBXGroup section */

/* Begin PBXNativeTarget section */
		616A7B0C2BFFEADF00A331A2 /* AnimatingShapes */ = {
			isa = PBXNativeTarget;
			buildConfigurationList = 616A7B1B2BFFEAE100A331A2 /* Build configuration list for PBXNativeTarget "AnimatingShapes" */;
			buildPhases = (
				616A7B092BFFEADF00A331A2 /* Sources */,
				616A7B0A2BFFEADF00A331A2 /* Frameworks */,
				616A7B0B2BFFEADF00A331A2 /* Resources */,
			);
			buildRules = (
			);
			dependencies = (
			);
			name = AnimatingShapes;
			productName = AnimatingShapes;
			productReference = 616A7B0D2BFFEADF00A331A2 /* AnimatingShapes.app */;
			productType = "com.apple.product-type.application";
		};
/* End PBXNativeTarget section */

/* Begin PBXProject section */
		616A7B052BFFEADF00A331A2 /* Project object */ = {
			isa = PBXProject;
			attributes = {
				BuildIndependentTargetsInParallel = 1;
				LastSwiftUpdateCheck = 1540;
				LastUpgradeCheck = 1540;
				TargetAttributes = {
					616A7B0C2BFFEADF00A331A2 = {
						CreatedOnToolsVersion = 15.4;
					};
				};
			};
			buildConfigurationList = 616A7B082BFFEADF00A331A2 /* Build configuration list for PBXProject "AnimatingShapes" */;
			compatibilityVersion = "Xcode 14.0";
			developmentRegion = en;
			hasScannedForEncodings = 0;
			knownRegions = (
				en,
				Base,
			);
			mainGroup = 616A7B042BFFEADF00A331A2;
			productRefGroup = 616A7B0E2BFFEADF00A331A2 /* Products */;
			projectDirPath = "";
			projectRoot = "";
			targets = (
				616A7B0C2BFFEADF00A331A2 /* AnimatingShapes */,
			);
		};
/* End PBXProject section */

/* Begin PBXResourcesBuildPhase section */
		616A7B0B2BFFEADF00A331A2 /* Resources */ = {
			isa = PBXResourcesBuildPhase;
			buildActionMask = 2147483647;
			files = (
				616A7B182BFFEAE100A331A2 /* Preview Assets.xcassets in Resources */,
				616A7B152BFFEAE100A331A2 /* Assets.xcassets in Resources */,
			);
			runOnlyForDeploymentPostprocessing = 0;
		};
/* End PBXResourcesBuildPhase section */

/* Begin PBXSourcesBuildPhase section */
		616A7B092BFFEADF00A331A2 /* Sources */ = {
			isa = PBXSourcesBuildPhase;
			buildActionMask = 2147483647;
			files = (
				616A7B1F2BFFEC6700A331A2 /* HeartPulse.swift in Sources */,
				61034CDE2C017D300035C7EF /* DancingDots.swift in Sources */,
				61034CE22C0198E70035C7EF /* Topic.swift in Sources */,
				61034CDC2C01039A0035C7EF /* DragNDropDots.swift in Sources */,
				616A7B132BFFEADF00A331A2 /* TopicList.swift in Sources */,
				616A7B232BFFF6E200A331A2 /* SpinningView.swift in Sources */,
				61034CDA2C00FB580035C7EF /* RollinRainbow.swift in Sources */,
				61034CE62C019DD70035C7EF /* TopicRow.swift in Sources */,
				616A7B252BFFFD1C00A331A2 /* ExplodingView.swift in Sources */,
				616A7B112BFFEADF00A331A2 /* AnimatingShapesApp.swift in Sources */,
				616A7B212BFFF3BC00A331A2 /* ShapeButtonStyle.swift in Sources */,
				61034CE02C0197C00035C7EF /* MatchedGeometryEffect.swift in Sources */,
				61034CE42C0199970035C7EF /* TopicOrganizer.swift in Sources */,
			);
			runOnlyForDeploymentPostprocessing = 0;
		};
/* End PBXSourcesBuildPhase section */

/* Begin XCBuildConfiguration section */
		616A7B192BFFEAE100A331A2 /* Debug */ = {
			isa = XCBuildConfiguration;
			buildSettings = {
				ALWAYS_SEARCH_USER_PATHS = NO;
				ASSETCATALOG_COMPILER_GENERATE_SWIFT_ASSET_SYMBOL_EXTENSIONS = YES;
				CLANG_ANALYZER_NONNULL = YES;
				CLANG_ANALYZER_NUMBER_OBJECT_CONVERSION = YES_AGGRESSIVE;
				CLANG_CXX_LANGUAGE_STANDARD = "gnu++20";
				CLANG_ENABLE_MODULES = YES;
				CLANG_ENABLE_OBJC_ARC = YES;
				CLANG_ENABLE_OBJC_WEAK = YES;
				CLANG_WARN_BLOCK_CAPTURE_AUTORELEASING = YES;
				CLANG_WARN_BOOL_CONVERSION = YES;
				CLANG_WARN_COMMA = YES;
				CLANG_WARN_CONSTANT_CONVERSION = YES;
				CLANG_WARN_DEPRECATED_OBJC_IMPLEMENTATIONS = YES;
				CLANG_WARN_DIRECT_OBJC_ISA_USAGE = YES_ERROR;
				CLANG_WARN_DOCUMENTATION_COMMENTS = YES;
				CLANG_WARN_EMPTY_BODY = YES;
				CLANG_WARN_ENUM_CONVERSION = YES;
				CLANG_WARN_INFINITE_RECURSION = YES;
				CLANG_WARN_INT_CONVERSION = YES;
				CLANG_WARN_NON_LITERAL_NULL_CONVERSION = YES;
				CLANG_WARN_OBJC_IMPLICIT_RETAIN_SELF = YES;
				CLANG_WARN_OBJC_LITERAL_CONVERSION = YES;
				CLANG_WARN_OBJC_ROOT_CLASS = YES_ERROR;
				CLANG_WARN_QUOTED_INCLUDE_IN_FRAMEWORK_HEADER = YES;
				CLANG_WARN_RANGE_LOOP_ANALYSIS = YES;
				CLANG_WARN_STRICT_PROTOTYPES = YES;
				CLANG_WARN_SUSPICIOUS_MOVE = YES;
				CLANG_WARN_UNGUARDED_AVAILABILITY = YES_AGGRESSIVE;
				CLANG_WARN_UNREACHABLE_CODE = YES;
				CLANG_WARN__DUPLICATE_METHOD_MATCH = YES;
				COPY_PHASE_STRIP = NO;
				DEBUG_INFORMATION_FORMAT = dwarf;
				ENABLE_STRICT_OBJC_MSGSEND = YES;
				ENABLE_TESTABILITY = YES;
				ENABLE_USER_SCRIPT_SANDBOXING = YES;
				GCC_C_LANGUAGE_STANDARD = gnu17;
				GCC_DYNAMIC_NO_PIC = NO;
				GCC_NO_COMMON_BLOCKS = YES;
				GCC_OPTIMIZATION_LEVEL = 0;
				GCC_PREPROCESSOR_DEFINITIONS = (
					"DEBUG=1",
					"$(inherited)",
				);
				GCC_WARN_64_TO_32_BIT_CONVERSION = YES;
				GCC_WARN_ABOUT_RETURN_TYPE = YES_ERROR;
				GCC_WARN_UNDECLARED_SELECTOR = YES;
				GCC_WARN_UNINITIALIZED_AUTOS = YES_AGGRESSIVE;
				GCC_WARN_UNUSED_FUNCTION = YES;
				GCC_WARN_UNUSED_VARIABLE = YES;
				IPHONEOS_DEPLOYMENT_TARGET = 17.5;
				LOCALIZATION_PREFERS_STRING_CATALOGS = YES;
				MTL_ENABLE_DEBUG_INFO = INCLUDE_SOURCE;
				MTL_FAST_MATH = YES;
				ONLY_ACTIVE_ARCH = YES;
				SDKROOT = iphoneos;
				SWIFT_ACTIVE_COMPILATION_CONDITIONS = "DEBUG $(inherited)";
				SWIFT_OPTIMIZATION_LEVEL = "-Onone";
			};
			name = Debug;
		};
		616A7B1A2BFFEAE100A331A2 /* Release */ = {
			isa = XCBuildConfiguration;
			buildSettings = {
				ALWAYS_SEARCH_USER_PATHS = NO;
				ASSETCATALOG_COMPILER_GENERATE_SWIFT_ASSET_SYMBOL_EXTENSIONS = YES;
				CLANG_ANALYZER_NONNULL = YES;
				CLANG_ANALYZER_NUMBER_OBJECT_CONVERSION = YES_AGGRESSIVE;
				CLANG_CXX_LANGUAGE_STANDARD = "gnu++20";
				CLANG_ENABLE_MODULES = YES;
				CLANG_ENABLE_OBJC_ARC = YES;
				CLANG_ENABLE_OBJC_WEAK = YES;
				CLANG_WARN_BLOCK_CAPTURE_AUTORELEASING = YES;
				CLANG_WARN_BOOL_CONVERSION = YES;
				CLANG_WARN_COMMA = YES;
				CLANG_WARN_CONSTANT_CONVERSION = YES;
				CLANG_WARN_DEPRECATED_OBJC_IMPLEMENTATIONS = YES;
				CLANG_WARN_DIRECT_OBJC_ISA_USAGE = YES_ERROR;
				CLANG_WARN_DOCUMENTATION_COMMENTS = YES;
				CLANG_WARN_EMPTY_BODY = YES;
				CLANG_WARN_ENUM_CONVERSION = YES;
				CLANG_WARN_INFINITE_RECURSION = YES;
				CLANG_WARN_INT_CONVERSION = YES;
				CLANG_WARN_NON_LITERAL_NULL_CONVERSION = YES;
				CLANG_WARN_OBJC_IMPLICIT_RETAIN_SELF = YES;
				CLANG_WARN_OBJC_LITERAL_CONVERSION = YES;
				CLANG_WARN_OBJC_ROOT_CLASS = YES_ERROR;
				CLANG_WARN_QUOTED_INCLUDE_IN_FRAMEWORK_HEADER = YES;
				CLANG_WARN_RANGE_LOOP_ANALYSIS = YES;
				CLANG_WARN_STRICT_PROTOTYPES = YES;
				CLANG_WARN_SUSPICIOUS_MOVE = YES;
				CLANG_WARN_UNGUARDED_AVAILABILITY = YES_AGGRESSIVE;
				CLANG_WARN_UNREACHABLE_CODE = YES;
				CLANG_WARN__DUPLICATE_METHOD_MATCH = YES;
				COPY_PHASE_STRIP = NO;
				DEBUG_INFORMATION_FORMAT = "dwarf-with-dsym";
				ENABLE_NS_ASSERTIONS = NO;
				ENABLE_STRICT_OBJC_MSGSEND = YES;
				ENABLE_USER_SCRIPT_SANDBOXING = YES;
				GCC_C_LANGUAGE_STANDARD = gnu17;
				GCC_NO_COMMON_BLOCKS = YES;
				GCC_WARN_64_TO_32_BIT_CONVERSION = YES;
				GCC_WARN_ABOUT_RETURN_TYPE = YES_ERROR;
				GCC_WARN_UNDECLARED_SELECTOR = YES;
				GCC_WARN_UNINITIALIZED_AUTOS = YES_AGGRESSIVE;
				GCC_WARN_UNUSED_FUNCTION = YES;
				GCC_WARN_UNUSED_VARIABLE = YES;
				IPHONEOS_DEPLOYMENT_TARGET = 17.5;
				LOCALIZATION_PREFERS_STRING_CATALOGS = YES;
				MTL_ENABLE_DEBUG_INFO = NO;
				MTL_FAST_MATH = YES;
				SDKROOT = iphoneos;
				SWIFT_COMPILATION_MODE = wholemodule;
				VALIDATE_PRODUCT = YES;
			};
			name = Release;
		};
		616A7B1C2BFFEAE100A331A2 /* Debug */ = {
			isa = XCBuildConfiguration;
			buildSettings = {
				ASSETCATALOG_COMPILER_APPICON_NAME = AppIcon;
				ASSETCATALOG_COMPILER_GLOBAL_ACCENT_COLOR_NAME = AccentColor;
				CODE_SIGN_STYLE = Automatic;
				CURRENT_PROJECT_VERSION = 1;
				DEVELOPMENT_ASSET_PATHS = "\"AnimatingShapes/Preview Content\"";
				DEVELOPMENT_TEAM = 4FXJ5W7FM5;
				ENABLE_PREVIEWS = YES;
				GENERATE_INFOPLIST_FILE = YES;
				INFOPLIST_KEY_UIApplicationSceneManifest_Generation = YES;
				INFOPLIST_KEY_UIApplicationSupportsIndirectInputEvents = YES;
				INFOPLIST_KEY_UILaunchScreen_Generation = YES;
				INFOPLIST_KEY_UISupportedInterfaceOrientations_iPad = "UIInterfaceOrientationPortrait UIInterfaceOrientationPortraitUpsideDown UIInterfaceOrientationLandscapeLeft UIInterfaceOrientationLandscapeRight";
				INFOPLIST_KEY_UISupportedInterfaceOrientations_iPhone = "UIInterfaceOrientationPortrait UIInterfaceOrientationLandscapeLeft UIInterfaceOrientationLandscapeRight";
				LD_RUNPATH_SEARCH_PATHS = (
					"$(inherited)",
					"@executable_path/Frameworks",
				);
				MARKETING_VERSION = 1.0;
				PRODUCT_BUNDLE_IDENTIFIER = iManzi.com.AnimatingShapes;
				PRODUCT_NAME = "$(TARGET_NAME)";
				SWIFT_EMIT_LOC_STRINGS = YES;
				SWIFT_VERSION = 5.0;
				TARGETED_DEVICE_FAMILY = "1,2";
			};
			name = Debug;
		};
		616A7B1D2BFFEAE100A331A2 /* Release */ = {
			isa = XCBuildConfiguration;
			buildSettings = {
				ASSETCATALOG_COMPILER_APPICON_NAME = AppIcon;
				ASSETCATALOG_COMPILER_GLOBAL_ACCENT_COLOR_NAME = AccentColor;
				CODE_SIGN_STYLE = Automatic;
				CURRENT_PROJECT_VERSION = 1;
				DEVELOPMENT_ASSET_PATHS = "\"AnimatingShapes/Preview Content\"";
				DEVELOPMENT_TEAM = 4FXJ5W7FM5;
				ENABLE_PREVIEWS = YES;
				GENERATE_INFOPLIST_FILE = YES;
				INFOPLIST_KEY_UIApplicationSceneManifest_Generation = YES;
				INFOPLIST_KEY_UIApplicationSupportsIndirectInputEvents = YES;
				INFOPLIST_KEY_UILaunchScreen_Generation = YES;
				INFOPLIST_KEY_UISupportedInterfaceOrientations_iPad = "UIInterfaceOrientationPortrait UIInterfaceOrientationPortraitUpsideDown UIInterfaceOrientationLandscapeLeft UIInterfaceOrientationLandscapeRight";
				INFOPLIST_KEY_UISupportedInterfaceOrientations_iPhone = "UIInterfaceOrientationPortrait UIInterfaceOrientationLandscapeLeft UIInterfaceOrientationLandscapeRight";
				LD_RUNPATH_SEARCH_PATHS = (
					"$(inherited)",
					"@executable_path/Frameworks",
				);
				MARKETING_VERSION = 1.0;
				PRODUCT_BUNDLE_IDENTIFIER = iManzi.com.AnimatingShapes;
				PRODUCT_NAME = "$(TARGET_NAME)";
				SWIFT_EMIT_LOC_STRINGS = YES;
				SWIFT_VERSION = 5.0;
				TARGETED_DEVICE_FAMILY = "1,2";
			};
			name = Release;
		};
/* End XCBuildConfiguration section */

/* Begin XCConfigurationList section */
		616A7B082BFFEADF00A331A2 /* Build configuration list for PBXProject "AnimatingShapes" */ = {
			isa = XCConfigurationList;
			buildConfigurations = (
				616A7B192BFFEAE100A331A2 /* Debug */,
				616A7B1A2BFFEAE100A331A2 /* Release */,
			);
			defaultConfigurationIsVisible = 0;
			defaultConfigurationName = Release;
		};
		616A7B1B2BFFEAE100A331A2 /* Build configuration list for PBXNativeTarget "AnimatingShapes" */ = {
			isa = XCConfigurationList;
			buildConfigurations = (
				616A7B1C2BFFEAE100A331A2 /* Debug */,
				616A7B1D2BFFEAE100A331A2 /* Release */,
			);
			defaultConfigurationIsVisible = 0;
			defaultConfigurationName = Release;
		};
/* End XCConfigurationList section */
	};
	rootObject = 616A7B052BFFEADF00A331A2 /* Project object */;
}
